<?xml version="1.0" encoding="utf-8"?>
<Project ToolsVersion="4.0" xmlns="http://schemas.microsoft.com/developer/msbuild/2003">
  <ItemGroup>
    <Filter Include="Window Info">
      <UniqueIdentifier>{75f2b1d2-93eb-432e-8d7c-8a708651ec6c}</UniqueIdentifier>
    </Filter>
    <Filter Include="Scene">
      <UniqueIdentifier>{d596846b-4b0b-498c-baf8-5d2b6fc8f407}</UniqueIdentifier>
    </Filter>
    <Filter Include="Engine">
      <UniqueIdentifier>{02f4a77b-a184-4b9b-a96b-b7b2de766c52}</UniqueIdentifier>
    </Filter>
    <Filter Include="component">
      <UniqueIdentifier>{bb20cce0-3124-4500-a94d-95bdaeb5ff36}</UniqueIdentifier>
    </Filter>
    <Filter Include="entity">
      <UniqueIdentifier>{f45fbe7c-ff4f-4f06-95cd-858d8af0e6d7}</UniqueIdentifier>
    </Filter>
    <Filter Include="input">
      <UniqueIdentifier>{ec1c8732-cf9c-4b52-aac0-37013ccda4ca}</UniqueIdentifier>
    </Filter>
    <Filter Include="manager">
      <UniqueIdentifier>{3c5199fc-10c0-4e4f-9d4e-ac97a32ea3f2}</UniqueIdentifier>
    </Filter>
    <Filter Include="doc">
      <UniqueIdentifier>{15484c80-8464-493b-9087-966144789a52}</UniqueIdentifier>
    </Filter>
  </ItemGroup>
  <ItemGroup>
    <ClInclude Include="IScene.h">
      <Filter>Scene</Filter>
    </ClInclude>
    <ClInclude Include="GameEngine.h">
      <Filter>Engine</Filter>
    </ClInclude>
    <ClInclude Include="TestScene.h">
      <Filter>Scene</Filter>
    </ClInclude>
    <ClInclude Include="WindowInfomation.h">
      <Filter>Window Info</Filter>
    </ClInclude>
    <ClInclude Include="EntityManager.h">
      <Filter>manager</Filter>
    </ClInclude>
    <ClInclude Include="TimeManager.h">
      <Filter>manager</Filter>
    </ClInclude>
    <ClInclude Include="SceneManager.h">
      <Filter>manager</Filter>
    </ClInclude>
    <ClInclude Include="ResourceManager.h">
      <Filter>manager</Filter>
    </ClInclude>
    <ClInclude Include="EnumArray.h">
      <Filter>input</Filter>
    </ClInclude>
    <ClInclude Include="Mouse.h">
      <Filter>input</Filter>
    </ClInclude>
    <ClInclude Include="MouseEnum.h">
      <Filter>input</Filter>
    </ClInclude>
    <ClInclude Include="KeyboardEnum.h">
      <Filter>input</Filter>
    </ClInclude>
    <ClInclude Include="Keyboard.h">
      <Filter>input</Filter>
    </ClInclude>
    <ClInclude Include="InputManager.h">
      <Filter>input</Filter>
    </ClInclude>
    <ClInclude Include="EntityEnum.h">
      <Filter>entity</Filter>
    </ClInclude>
    <ClInclude Include="EntityFactory.h">
      <Filter>entity</Filter>
    </ClInclude>
    <ClInclude Include="EntityBuilder.h">
      <Filter>entity</Filter>
    </ClInclude>
    <ClInclude Include="Transform.h">
      <Filter>component</Filter>
    </ClInclude>
    <ClInclude Include="Camera.h">
      <Filter>component</Filter>
    </ClInclude>
  </ItemGroup>
  <ItemGroup>
    <ClCompile Include="GameEngine.cpp">
      <Filter>Engine</Filter>
    </ClCompile>
    <ClCompile Include="TestScene.cpp">
      <Filter>Scene</Filter>
    </ClCompile>
    <ClCompile Include="EntityManager.cpp">
      <Filter>manager</Filter>
    </ClCompile>
    <ClCompile Include="TimeManager.cpp">
      <Filter>manager</Filter>
    </ClCompile>
    <ClCompile Include="SceneManager.cpp">
      <Filter>manager</Filter>
    </ClCompile>
    <ClCompile Include="ResourceManager.cpp">
      <Filter>manager</Filter>
    </ClCompile>
    <ClCompile Include="ResourceType.cpp">
      <Filter>manager</Filter>
    </ClCompile>
    <ClCompile Include="Mouse.cpp">
      <Filter>input</Filter>
    </ClCompile>
    <ClCompile Include="Keyboard.cpp">
      <Filter>input</Filter>
    </ClCompile>
    <ClCompile Include="InputManager.cpp">
      <Filter>input</Filter>
    </ClCompile>
    <ClCompile Include="EntityFactory.cpp">
      <Filter>entity</Filter>
    </ClCompile>
    <ClCompile Include="EntityBuilder.cpp">
      <Filter>entity</Filter>
    </ClCompile>
    <ClCompile Include="Transform.cpp">
      <Filter>component</Filter>
    </ClCompile>
    <ClCompile Include="Camera.cpp">
      <Filter>component</Filter>
    </ClCompile>
  </ItemGroup>
  <ItemGroup>
    <None Include="README.md">
      <Filter>doc</Filter>
    </None>
  </ItemGroup>
</Project>