<?xml version="1.0" encoding="utf-8"?>
<Project ToolsVersion="4.0" xmlns="http://schemas.microsoft.com/developer/msbuild/2003">
  <ItemGroup>
    <Filter Include="doc">
      <UniqueIdentifier>{f0701479-2216-46a6-bddf-9d379fee9bd2}</UniqueIdentifier>
    </Filter>
    <Filter Include="DirectXTK">
      <UniqueIdentifier>{c5a16c50-cafb-4e9a-b604-465cbf71a38a}</UniqueIdentifier>
    </Filter>
    <Filter Include="engine">
      <UniqueIdentifier>{88cdd2ce-018b-46c3-a875-0faa155f0bc5}</UniqueIdentifier>
    </Filter>
    <Filter Include="D3D11">
      <UniqueIdentifier>{e9944d19-a028-4c49-890c-48c5f45bc088}</UniqueIdentifier>
    </Filter>
    <Filter Include="mesh">
      <UniqueIdentifier>{eb05ede7-1d03-4809-91d4-8d3fd4c2fba9}</UniqueIdentifier>
    </Filter>
    <Filter Include="camera">
      <UniqueIdentifier>{96041beb-6794-46d2-8d46-e7c94a19bac3}</UniqueIdentifier>
    </Filter>
    <Filter Include="manager">
      <UniqueIdentifier>{cb8c9de6-899a-4efb-a731-40d63500bbe5}</UniqueIdentifier>
    </Filter>
    <Filter Include="model">
      <UniqueIdentifier>{9fcb012e-b537-47ff-ab16-f42706e85164}</UniqueIdentifier>
    </Filter>
    <Filter Include="component">
      <UniqueIdentifier>{6a3e58c0-7163-4a18-97f2-00c9d15f85f3}</UniqueIdentifier>
    </Filter>
  </ItemGroup>
  <ItemGroup>
    <ClCompile Include="NeoCarrot_Graphics\GraphicsEngine.cpp">
      <Filter>engine</Filter>
    </ClCompile>
    <ClCompile Include="NeoCarrot_Graphics\D3D11Context.cpp">
      <Filter>D3D11</Filter>
    </ClCompile>
    <ClCompile Include="NeoCarrot_Graphics\Grid.cpp">
      <Filter>mesh</Filter>
    </ClCompile>
    <ClCompile Include="NeoCarrot_Graphics\D3D11RenderStates.cpp">
      <Filter>D3D11</Filter>
    </ClCompile>
    <ClCompile Include="NeoCarrot_Graphics\DXTKFont.cpp">
      <Filter>DirectXTK</Filter>
    </ClCompile>
    <ClCompile Include="NeoCarrot_Graphics\Camera3D.cpp">
      <Filter>camera</Filter>
    </ClCompile>
    <ClCompile Include="NeoCarrot_Graphics\ModelBuilder.cpp">
      <Filter>model</Filter>
    </ClCompile>
    <ClCompile Include="NeoCarrot_Graphics\ModelFactory.cpp">
      <Filter>model</Filter>
    </ClCompile>
    <ClCompile Include="NeoCarrot_Graphics\ModelManager.cpp">
      <Filter>manager</Filter>
    </ClCompile>
    <ClCompile Include="NeoCarrot_Graphics\ResourceManager.cpp">
      <Filter>manager</Filter>
    </ClCompile>
    <ClCompile Include="NeoCarrot_Graphics\Transpose.h">
      <Filter>component</Filter>
    </ClCompile>
    <ClCompile Include="NeoCarrot_Graphics\Transpose.cpp">
      <Filter>component</Filter>
    </ClCompile>
    <ClCompile Include="NeoCarrot_Graphics\VertexBuffer.cpp">
      <Filter>component</Filter>
    </ClCompile>
    <ClCompile Include="NeoCarrot_Graphics\D3Device.cpp">
      <Filter>component</Filter>
    </ClCompile>
    <ClCompile Include="NeoCarrot_Graphics\IndexBuffer.cpp">
      <Filter>component</Filter>
    </ClCompile>
    <ClCompile Include="NeoCarrot_Graphics\Effect.cpp">
      <Filter>component</Filter>
    </ClCompile>
    <ClCompile Include="NeoCarrot_Graphics\VertexLayout.cpp">
      <Filter>component</Filter>
    </ClCompile>
    <ClCompile Include="NeoCarrot_Graphics\AxisScript.cpp">
      <Filter>component</Filter>
    </ClCompile>
  </ItemGroup>
  <ItemGroup>
    <ClInclude Include="NeoCarrot_Graphics\D3D11Context.h">
      <Filter>D3D11</Filter>
    </ClInclude>
    <ClInclude Include="NeoCarrot_Graphics\MyColor.h" />
    <ClInclude Include="NeoCarrot_Graphics\Grid.h">
      <Filter>mesh</Filter>
    </ClInclude>
    <ClInclude Include="NeoCarrot_Graphics\D3D11RenderStates.h">
      <Filter>D3D11</Filter>
    </ClInclude>
    <ClInclude Include="NeoCarrot_Graphics\DXTKFont.h">
      <Filter>DirectXTK</Filter>
    </ClInclude>
    <ClInclude Include="NeoCarrot_Graphics\Camera3D.h">
      <Filter>camera</Filter>
    </ClInclude>
    <ClInclude Include="NeoCarrot_Graphics\FontType.h">
      <Filter>DirectXTK</Filter>
    </ClInclude>
    <ClInclude Include="NeoCarrot_Graphics\ModelBuilder.h">
      <Filter>model</Filter>
    </ClInclude>
    <ClInclude Include="NeoCarrot_Graphics\ModelFactory.h">
      <Filter>model</Filter>
    </ClInclude>
    <ClInclude Include="NeoCarrot_Graphics\ModelManager.h">
      <Filter>manager</Filter>
    </ClInclude>
    <ClInclude Include="NeoCarrot_Graphics\GraphicsEngine.h">
      <Filter>engine</Filter>
    </ClInclude>
    <ClInclude Include="NeoCarrot_Graphics\ResourceManager.h">
      <Filter>manager</Filter>
    </ClInclude>
    <ClInclude Include="NeoCarrot_Graphics\VertexBuffer.h">
      <Filter>component</Filter>
    </ClInclude>
    <ClInclude Include="NeoCarrot_Graphics\VertexStruct.h">
      <Filter>component</Filter>
    </ClInclude>
    <ClInclude Include="NeoCarrot_Graphics\D3Device.h">
      <Filter>component</Filter>
    </ClInclude>
    <ClInclude Include="NeoCarrot_Graphics\IndexBuffer.h">
      <Filter>component</Filter>
    </ClInclude>
    <ClInclude Include="NeoCarrot_Graphics\Effect.h">
      <Filter>component</Filter>
    </ClInclude>
    <ClInclude Include="NeoCarrot_Graphics\VertexLayout.h">
      <Filter>component</Filter>
    </ClInclude>
    <ClInclude Include="NeoCarrot_Graphics\AxisScript.h">
      <Filter>component</Filter>
    </ClInclude>
  </ItemGroup>
  <ItemGroup>
    <None Include="NeoCarrot_Graphics\README.md">
      <Filter>doc</Filter>
    </None>
  </ItemGroup>
</Project>