<?xml version="1.0" encoding="utf-8"?>
<Project ToolsVersion="4.0" xmlns="http://schemas.microsoft.com/developer/msbuild/2003">
  <ItemGroup>
    <ClCompile Include="Application.cpp">
      <Filter>app</Filter>
    </ClCompile>
    <ClCompile Include="WinMain.cpp">
      <Filter>app</Filter>
    </ClCompile>
  </ItemGroup>
  <ItemGroup>
    <ClInclude Include="Application.h">
      <Filter>app</Filter>
    </ClInclude>
    <ClInclude Include="resource.h">
      <Filter>resource</Filter>
    </ClInclude>
  </ItemGroup>
  <ItemGroup>
    <None Include="README.md">
      <Filter>doc</Filter>
    </None>
    <None Include="JOURNAL.md">
      <Filter>doc</Filter>
    </None>
    <None Include="..\.clang-format">
      <Filter>doc</Filter>
    </None>
  </ItemGroup>
  <ItemGroup>
    <Filter Include="resource">
      <UniqueIdentifier>{c11945e0-fbea-410e-b60d-f5899e83bf66}</UniqueIdentifier>
    </Filter>
    <Filter Include="doc">
      <UniqueIdentifier>{f96b6526-06f1-4585-9cb6-6fd77c76449c}</UniqueIdentifier>
    </Filter>
    <Filter Include="app">
      <UniqueIdentifier>{c9307940-16b1-43c6-833c-c793c2b64562}</UniqueIdentifier>
    </Filter>
  </ItemGroup>
  <ItemGroup>
    <ResourceCompile Include="MsRabbit_Demo.rc">
      <Filter>resource</Filter>
    </ResourceCompile>
  </ItemGroup>
  <ItemGroup>
    <Image Include="Carrot.ico">
      <Filter>resource</Filter>
    </Image>
  </ItemGroup>
</Project>