<?xml version="1.0" encoding="utf-8"?>
<Project ToolsVersion="4.0" xmlns="http://schemas.microsoft.com/developer/msbuild/2003">
  <ItemGroup>
    <ClCompile Include="Application.cpp">
      <Filter>app</Filter>
    </ClCompile>
    <ClCompile Include="WinMain.cpp">
      <Filter>win</Filter>
    </ClCompile>
  </ItemGroup>
  <ItemGroup>
    <Filter Include="app">
      <UniqueIdentifier>{962aaaec-7e3e-4b18-a81d-7ab118b68d4f}</UniqueIdentifier>
    </Filter>
    <Filter Include="win">
      <UniqueIdentifier>{23281e51-a869-4df3-8d4e-2f215a727e24}</UniqueIdentifier>
    </Filter>
    <Filter Include="resource">
      <UniqueIdentifier>{f6f0bab3-fabc-4cd6-94e8-9f29676195aa}</UniqueIdentifier>
    </Filter>
  </ItemGroup>
  <ItemGroup>
    <ClInclude Include="Application.h">
      <Filter>app</Filter>
    </ClInclude>
    <ClInclude Include="resource.h">
      <Filter>resource</Filter>
    </ClInclude>
  </ItemGroup>
  <ItemGroup>
    <Image Include="Carrot.ico">
      <Filter>resource</Filter>
    </Image>
  </ItemGroup>
  <ItemGroup>
    <ResourceCompile Include="MsRabbit_Demo.rc">
      <Filter>resource</Filter>
    </ResourceCompile>
  </ItemGroup>
  <ItemGroup>
    <None Include="..\.clang-format" />
    <None Include="README.md" />
    <None Include="JOURNAL.md" />
  </ItemGroup>
</Project>